
Microsoft Visual Studio Solution File, Format Version 12.00
# Visual Studio Version 16
VisualStudioVersion = 16.0.29215.179
MinimumVisualStudioVersion = 10.0.40219.1
Project("{888888A0-9F3D-457C-B088-3A5042F75D52}") = "FlaskWebProject2", "FlaskWebProject2.pyproj", "{9B67E98E-7FA9-4C9C-B43C-AB64F7AC45C8}"
EndProject
Global
	GlobalSection(SolutionConfigurationPlatforms) = preSolution
		Debug|Any CPU = Debug|Any CPU
		Release|Any CPU = Release|Any CPU
	EndGlobalSection
	GlobalSection(ProjectConfigurationPlatforms) = postSolution
		{9B67E98E-7FA9-4C9C-B43C-AB64F7AC45C8}.Debug|Any CPU.ActiveCfg = Debug|Any CPU
		{9B67E98E-7FA9-4C9C-B43C-AB64F7AC45C8}.Debug|Any CPU.Build.0 = Debug|Any CPU
		{9B67E98E-7FA9-4C9C-B43C-AB64F7AC45C8}.Release|Any CPU.ActiveCfg = Release|Any CPU
		{9B67E98E-7FA9-4C9C-B43C-AB64F7AC45C8}.Release|Any CPU.Build.0 = Release|Any CPU
	EndGlobalSection
	GlobalSection(SolutionProperties) = preSolution
		HideSolutionNode = FALSE
	EndGlobalSection
	GlobalSection(ExtensibilityGlobals) = postSolution
		SolutionGuid = {D37EF5D3-1FBA-4B15-A7F6-6DD184B85304}
	EndGlobalSection
EndGlobal
